
Microsoft Visual Studio Solution File, Format Version 12.00
# Visual Studio Version 17
VisualStudioVersion = 17.5.33502.453
MinimumVisualStudioVersion = 10.0.40219.1
Project("{FAE04EC0-301F-11D3-BF4B-00C04F79EFBC}") = "NoteApp", "NoteApp\NoteApp.csproj", "{608B66FA-F2AA-47F7-AFA9-5F63E3E6BC01}"
EndProject
Global
	GlobalSection(SolutionConfigurationPlatforms) = preSolution
		Debug|Any CPU = Debug|Any CPU
		Release|Any CPU = Release|Any CPU
	EndGlobalSection
	GlobalSection(ProjectConfigurationPlatforms) = postSolution
		{608B66FA-F2AA-47F7-AFA9-5F63E3E6BC01}.Debug|Any CPU.ActiveCfg = Debug|Any CPU
		{608B66FA-F2AA-47F7-AFA9-5F63E3E6BC01}.Debug|Any CPU.Build.0 = Debug|Any CPU
		{608B66FA-F2AA-47F7-AFA9-5F63E3E6BC01}.Release|Any CPU.ActiveCfg = Release|Any CPU
		{608B66FA-F2AA-47F7-AFA9-5F63E3E6BC01}.Release|Any CPU.Build.0 = Release|Any CPU
	EndGlobalSection
	GlobalSection(SolutionProperties) = preSolution
		HideSolutionNode = FALSE
	EndGlobalSection
	GlobalSection(ExtensibilityGlobals) = postSolution
		SolutionGuid = {2C235E73-8C81-4539-B4CF-A5C17F656C02}
	EndGlobalSection
EndGlobal
